
Microsoft Visual Studio Solution File, Format Version 12.00
# Visual Studio 15
VisualStudioVersion = 15.0.27004.2002
MinimumVisualStudioVersion = 10.0.40219.1
Project("{FAE04EC0-301F-11D3-BF4B-00C04F79EFBC}") = "paint", "paint\paint.csproj", "{4C7A2CBE-DC1D-473F-B670-743FC3DE2F7E}"
EndProject
Global
	GlobalSection(SolutionConfigurationPlatforms) = preSolution
		Debug|Any CPU = Debug|Any CPU
		Release|Any CPU = Release|Any CPU
	EndGlobalSection
	GlobalSection(ProjectConfigurationPlatforms) = postSolution
		{4C7A2CBE-DC1D-473F-B670-743FC3DE2F7E}.Debug|Any CPU.ActiveCfg = Debug|Any CPU
		{4C7A2CBE-DC1D-473F-B670-743FC3DE2F7E}.Debug|Any CPU.Build.0 = Debug|Any CPU
		{4C7A2CBE-DC1D-473F-B670-743FC3DE2F7E}.Release|Any CPU.ActiveCfg = Release|Any CPU
		{4C7A2CBE-DC1D-473F-B670-743FC3DE2F7E}.Release|Any CPU.Build.0 = Release|Any CPU
	EndGlobalSection
	GlobalSection(SolutionProperties) = preSolution
		HideSolutionNode = FALSE
	EndGlobalSection
	GlobalSection(ExtensibilityGlobals) = postSolution
		SolutionGuid = {F646F5E4-FE96-42AD-875A-B94BB92A1CA5}
	EndGlobalSection
EndGlobal
